// !$*UTF8*$!
{
	archiveVersion = 1;
	classes = {
	};
	objectVersion = 56;
	objects = {

/* Begin PBXBuildFile section */
		5E076C192B5BD6CB009C7D67 /* CameraViewModel.swift in Sources */ = {isa = PBXBuildFile; fileRef = 5E076C182B5BD6CB009C7D67 /* CameraViewModel.swift */; };
		5E3D75452B4E855F007AB68A /* CameraView.swift in Sources */ = {isa = PBXBuildFile; fileRef = 5E3D75442B4E855F007AB68A /* CameraView.swift */; };
		5E4728332AF7E2D000AA3EB1 /* EnterPhoneNumberView.swift in Sources */ = {isa = PBXBuildFile; fileRef = 5E4728322AF7E2D000AA3EB1 /* EnterPhoneNumberView.swift */; };
		5E4728352AF7EE6C00AA3EB1 /* EnterCodeView.swift in Sources */ = {isa = PBXBuildFile; fileRef = 5E4728342AF7EE6C00AA3EB1 /* EnterCodeView.swift */; };
		5E4728372AF8D1CB00AA3EB1 /* MainAuthView.swift in Sources */ = {isa = PBXBuildFile; fileRef = 5E4728362AF8D1CB00AA3EB1 /* MainAuthView.swift */; };
		5E4728392AF8D6F500AA3EB1 /* AuthViewModel.swift in Sources */ = {isa = PBXBuildFile; fileRef = 5E4728382AF8D6F500AA3EB1 /* AuthViewModel.swift */; };
		5E47283B2AF8D73400AA3EB1 /* Year.swift in Sources */ = {isa = PBXBuildFile; fileRef = 5E47283A2AF8D73400AA3EB1 /* Year.swift */; };
		5E4CCB282B498C9800807E6D /* User.swift in Sources */ = {isa = PBXBuildFile; fileRef = 5E4CCB272B498C9800807E6D /* User.swift */; };
		5E4CCB2A2B498EF300807E6D /* MainView.swift in Sources */ = {isa = PBXBuildFile; fileRef = 5E4CCB292B498EF300807E6D /* MainView.swift */; };
		5E4DC4F52AD47C41003AEA20 /* NotificationsButtonView.swift in Sources */ = {isa = PBXBuildFile; fileRef = 5E4DC4F42AD47C41003AEA20 /* NotificationsButtonView.swift */; };
		5E4DC4F72AD4818B003AEA20 /* WhiteButtonView.swift in Sources */ = {isa = PBXBuildFile; fileRef = 5E4DC4F62AD4818B003AEA20 /* WhiteButtonView.swift */; };
		5E4DC4F92AD5F31E003AEA20 /* EnterNameView.swift in Sources */ = {isa = PBXBuildFile; fileRef = 5E4DC4F82AD5F31E003AEA20 /* EnterNameView.swift */; };
		5E4DC4FB2ADF34CD003AEA20 /* EnterAgeView.swift in Sources */ = {isa = PBXBuildFile; fileRef = 5E4DC4FA2ADF34CD003AEA20 /* EnterAgeView.swift */; };
		5E4FF99A2AE1DA0B009B1740 /* CountryPicker in Frameworks */ = {isa = PBXBuildFile; productRef = 5E4FF9992AE1DA0B009B1740 /* CountryPicker */; };
		5E5CC9032AFAF8F800A2F39A /* FirebaseAnalytics in Frameworks */ = {isa = PBXBuildFile; productRef = 5E5CC9022AFAF8F800A2F39A /* FirebaseAnalytics */; };
		5E5CC9052AFAF8F800A2F39A /* FirebaseAnalyticsOnDeviceConversion in Frameworks */ = {isa = PBXBuildFile; productRef = 5E5CC9042AFAF8F800A2F39A /* FirebaseAnalyticsOnDeviceConversion */; };
		5E5CC9072AFAF8F800A2F39A /* FirebaseAnalyticsSwift in Frameworks */ = {isa = PBXBuildFile; productRef = 5E5CC9062AFAF8F800A2F39A /* FirebaseAnalyticsSwift */; };
		5E5CC9092AFAF8F800A2F39A /* FirebaseAnalyticsWithoutAdIdSupport in Frameworks */ = {isa = PBXBuildFile; productRef = 5E5CC9082AFAF8F800A2F39A /* FirebaseAnalyticsWithoutAdIdSupport */; };
		5E5CC90B2AFAF8F800A2F39A /* FirebaseAppCheck in Frameworks */ = {isa = PBXBuildFile; productRef = 5E5CC90A2AFAF8F800A2F39A /* FirebaseAppCheck */; };
		5E5CC90D2AFAF8F800A2F39A /* FirebaseAppDistribution-Beta in Frameworks */ = {isa = PBXBuildFile; productRef = 5E5CC90C2AFAF8F800A2F39A /* FirebaseAppDistribution-Beta */; };
		5E5CC90F2AFAF8F800A2F39A /* FirebaseAuth in Frameworks */ = {isa = PBXBuildFile; productRef = 5E5CC90E2AFAF8F800A2F39A /* FirebaseAuth */; };
		5E5CC9112AFAF8F800A2F39A /* FirebaseAuthCombine-Community in Frameworks */ = {isa = PBXBuildFile; productRef = 5E5CC9102AFAF8F800A2F39A /* FirebaseAuthCombine-Community */; };
		5E5CC9132AFAF8F800A2F39A /* FirebaseCrashlytics in Frameworks */ = {isa = PBXBuildFile; productRef = 5E5CC9122AFAF8F800A2F39A /* FirebaseCrashlytics */; };
		5E5CC9152AFAF8F800A2F39A /* FirebaseDatabase in Frameworks */ = {isa = PBXBuildFile; productRef = 5E5CC9142AFAF8F800A2F39A /* FirebaseDatabase */; };
		5E5CC9172AFAF8F800A2F39A /* FirebaseDatabaseSwift in Frameworks */ = {isa = PBXBuildFile; productRef = 5E5CC9162AFAF8F800A2F39A /* FirebaseDatabaseSwift */; };
		5E5CC9192AFAF8F800A2F39A /* FirebaseDynamicLinks in Frameworks */ = {isa = PBXBuildFile; productRef = 5E5CC9182AFAF8F800A2F39A /* FirebaseDynamicLinks */; };
		5E5CC91B2AFAF8F800A2F39A /* FirebaseFirestore in Frameworks */ = {isa = PBXBuildFile; productRef = 5E5CC91A2AFAF8F800A2F39A /* FirebaseFirestore */; };
		5E5CC91D2AFAF8F800A2F39A /* FirebaseFirestoreCombine-Community in Frameworks */ = {isa = PBXBuildFile; productRef = 5E5CC91C2AFAF8F800A2F39A /* FirebaseFirestoreCombine-Community */; };
		5E5CC91F2AFAF8F800A2F39A /* FirebaseFirestoreSwift in Frameworks */ = {isa = PBXBuildFile; productRef = 5E5CC91E2AFAF8F800A2F39A /* FirebaseFirestoreSwift */; };
		5E5CC9212AFAF8F800A2F39A /* FirebaseFunctions in Frameworks */ = {isa = PBXBuildFile; productRef = 5E5CC9202AFAF8F800A2F39A /* FirebaseFunctions */; };
		5E5CC9232AFAF8F800A2F39A /* FirebaseFunctionsCombine-Community in Frameworks */ = {isa = PBXBuildFile; productRef = 5E5CC9222AFAF8F800A2F39A /* FirebaseFunctionsCombine-Community */; };
		5E5CC9252AFAF8F800A2F39A /* FirebaseInAppMessaging-Beta in Frameworks */ = {isa = PBXBuildFile; productRef = 5E5CC9242AFAF8F800A2F39A /* FirebaseInAppMessaging-Beta */; };
		5E5CC9272AFAF8F800A2F39A /* FirebaseInAppMessagingSwift-Beta in Frameworks */ = {isa = PBXBuildFile; productRef = 5E5CC9262AFAF8F800A2F39A /* FirebaseInAppMessagingSwift-Beta */; };
		5E5CC9292AFAF8F800A2F39A /* FirebaseInstallations in Frameworks */ = {isa = PBXBuildFile; productRef = 5E5CC9282AFAF8F800A2F39A /* FirebaseInstallations */; };
		5E5CC92B2AFAF8F800A2F39A /* FirebaseMLModelDownloader in Frameworks */ = {isa = PBXBuildFile; productRef = 5E5CC92A2AFAF8F800A2F39A /* FirebaseMLModelDownloader */; };
		5E5CC92D2AFAF8F800A2F39A /* FirebaseMessaging in Frameworks */ = {isa = PBXBuildFile; productRef = 5E5CC92C2AFAF8F800A2F39A /* FirebaseMessaging */; };
		5E5CC92F2AFAF8F800A2F39A /* FirebasePerformance in Frameworks */ = {isa = PBXBuildFile; productRef = 5E5CC92E2AFAF8F800A2F39A /* FirebasePerformance */; };
		5E5CC9312AFAF8F800A2F39A /* FirebaseRemoteConfig in Frameworks */ = {isa = PBXBuildFile; productRef = 5E5CC9302AFAF8F800A2F39A /* FirebaseRemoteConfig */; };
		5E5CC9332AFAF8F800A2F39A /* FirebaseRemoteConfigSwift in Frameworks */ = {isa = PBXBuildFile; productRef = 5E5CC9322AFAF8F800A2F39A /* FirebaseRemoteConfigSwift */; };
		5E5CC9352AFAF8F800A2F39A /* FirebaseStorage in Frameworks */ = {isa = PBXBuildFile; productRef = 5E5CC9342AFAF8F800A2F39A /* FirebaseStorage */; };
		5E5CC9372AFAF8F800A2F39A /* FirebaseStorageCombine-Community in Frameworks */ = {isa = PBXBuildFile; productRef = 5E5CC9362AFAF8F800A2F39A /* FirebaseStorageCombine-Community */; };
		5E5CC93B2AFB01FB00A2F39A /* GoogleService-Info.plist in Resources */ = {isa = PBXBuildFile; fileRef = 5E5CC93A2AFB01FB00A2F39A /* GoogleService-Info.plist */; };
		5E73DDFC2AE1DC8C0048B2E9 /* countries.json in Resources */ = {isa = PBXBuildFile; fileRef = 5E73DDFB2AE1DC8C0048B2E9 /* countries.json */; };
		5E9338A42B4B4F950087107A /* ImageUploader.swift in Sources */ = {isa = PBXBuildFile; fileRef = 5E9338A32B4B4F950087107A /* ImageUploader.swift */; };
		5E9338A62B4B55AC0087107A /* ImagePicker.swift in Sources */ = {isa = PBXBuildFile; fileRef = 5E9338A52B4B55AC0087107A /* ImagePicker.swift */; };
		5E9338A92B4B65070087107A /* Kingfisher in Frameworks */ = {isa = PBXBuildFile; productRef = 5E9338A82B4B65070087107A /* Kingfisher */; };
		5E971FCA2AB25E4900E5EA9A /* NotificationsView.swift in Sources */ = {isa = PBXBuildFile; fileRef = 5E971FC92AB25E4900E5EA9A /* NotificationsView.swift */; };
		5EA247502AB10291007D7CE4 /* OtherView.swift in Sources */ = {isa = PBXBuildFile; fileRef = 5EA2474F2AB10291007D7CE4 /* OtherView.swift */; };
		5EA247522AB1059D007D7CE4 /* HelpView.swift in Sources */ = {isa = PBXBuildFile; fileRef = 5EA247512AB1059D007D7CE4 /* HelpView.swift */; };
		5EA247542AB106C3007D7CE4 /* ChevronButtonView.swift in Sources */ = {isa = PBXBuildFile; fileRef = 5EA247532AB106C3007D7CE4 /* ChevronButtonView.swift */; };
		5EA247562AB107D8007D7CE4 /* ContactUsView.swift in Sources */ = {isa = PBXBuildFile; fileRef = 5EA247552AB107D8007D7CE4 /* ContactUsView.swift */; };
		5EA247582AB109D0007D7CE4 /* MemoriesVIew.swift in Sources */ = {isa = PBXBuildFile; fileRef = 5EA247572AB109D0007D7CE4 /* MemoriesVIew.swift */; };
		5EA4565A2A9DD02C004C0A07 /* BeRealCloneApp.swift in Sources */ = {isa = PBXBuildFile; fileRef = 5EA456592A9DD02C004C0A07 /* BeRealCloneApp.swift */; };
		5EA4565C2A9DD02C004C0A07 /* ContentView.swift in Sources */ = {isa = PBXBuildFile; fileRef = 5EA4565B2A9DD02C004C0A07 /* ContentView.swift */; };
		5EA4565E2A9DD02D004C0A07 /* Assets.xcassets in Resources */ = {isa = PBXBuildFile; fileRef = 5EA4565D2A9DD02D004C0A07 /* Assets.xcassets */; };
		5EA456612A9DD02D004C0A07 /* Preview Assets.xcassets in Resources */ = {isa = PBXBuildFile; fileRef = 5EA456602A9DD02D004C0A07 /* Preview Assets.xcassets */; };
		5EA456682A9DD12B004C0A07 /* FeedView.swift in Sources */ = {isa = PBXBuildFile; fileRef = 5EA456672A9DD12B004C0A07 /* FeedView.swift */; };
		5EA4566A2A9DD79D004C0A07 /* FeedCell.swift in Sources */ = {isa = PBXBuildFile; fileRef = 5EA456692A9DD79D004C0A07 /* FeedCell.swift */; };
		5EA4566D2A9E99C3004C0A07 /* ThreeDots.swift in Sources */ = {isa = PBXBuildFile; fileRef = 5EA4566C2A9E99C3004C0A07 /* ThreeDots.swift */; };
		5EA4566F2AA13CC5004C0A07 /* ProfileView.swift in Sources */ = {isa = PBXBuildFile; fileRef = 5EA4566E2AA13CC5004C0A07 /* ProfileView.swift */; };
		5EA456712AA141E1004C0A07 /* MemoryView.swift in Sources */ = {isa = PBXBuildFile; fileRef = 5EA456702AA141E1004C0A07 /* MemoryView.swift */; };
		5EA456732AA53077004C0A07 /* SettingsView.swift in Sources */ = {isa = PBXBuildFile; fileRef = 5EA456722AA53077004C0A07 /* SettingsView.swift */; };
		5EA456782AA70C03004C0A07 /* EditProfileView.swift in Sources */ = {isa = PBXBuildFile; fileRef = 5EA456772AA70C03004C0A07 /* EditProfileView.swift */; };
		5EA4567B2AA71297004C0A07 /* Extensions.swift in Sources */ = {isa = PBXBuildFile; fileRef = 5EA4567A2AA71297004C0A07 /* Extensions.swift */; };
		5EA4567D2AA924C6004C0A07 /* TimeZoneView.swift in Sources */ = {isa = PBXBuildFile; fileRef = 5EA4567C2AA924C6004C0A07 /* TimeZoneView.swift */; };
		5EC7A5C62AADBDFC006F133E /* LeftMenuView.swift in Sources */ = {isa = PBXBuildFile; fileRef = 5EC7A5C52AADBDFC006F133E /* LeftMenuView.swift */; };
		5EC7A5C82AADBE2A006F133E /* LeftMenuTopView.swift in Sources */ = {isa = PBXBuildFile; fileRef = 5EC7A5C72AADBE2A006F133E /* LeftMenuTopView.swift */; };
		5EC7A5CA2AADBEA6006F133E /* SearchBar.swift in Sources */ = {isa = PBXBuildFile; fileRef = 5EC7A5C92AADBEA6006F133E /* SearchBar.swift */; };
		5EC7A5CC2AADC5AB006F133E /* Suggestions.swift in Sources */ = {isa = PBXBuildFile; fileRef = 5EC7A5CB2AADC5AB006F133E /* Suggestions.swift */; };
		5EC7A5CE2AADC74C006F133E /* SuggestionCellView.swift in Sources */ = {isa = PBXBuildFile; fileRef = 5EC7A5CD2AADC74C006F133E /* SuggestionCellView.swift */; };
		5EC7A5D02AADCADC006F133E /* Friends.swift in Sources */ = {isa = PBXBuildFile; fileRef = 5EC7A5CF2AADCADC006F133E /* Friends.swift */; };
		5EC7A5D22AADCBF8006F133E /* FriendsCellView.swift in Sources */ = {isa = PBXBuildFile; fileRef = 5EC7A5D12AADCBF8006F133E /* FriendsCellView.swift */; };
		5EC7A5D42AADCDE8006F133E /* Requests.swift in Sources */ = {isa = PBXBuildFile; fileRef = 5EC7A5D32AADCDE8006F133E /* Requests.swift */; };
		5EFDC5F72AE5CB53001D8F8B /* Country.swift in Sources */ = {isa = PBXBuildFile; fileRef = 5EFDC5F62AE5CB53001D8F8B /* Country.swift */; };
		5EFDC5F92AE5CE14001D8F8B /* SelectCountryView.swift in Sources */ = {isa = PBXBuildFile; fileRef = 5EFDC5F82AE5CE14001D8F8B /* SelectCountryView.swift */; };
/* End PBXBuildFile section */

/* Begin PBXFileReference section */
		5E076C182B5BD6CB009C7D67 /* CameraViewModel.swift */ = {isa = PBXFileReference; lastKnownFileType = sourcecode.swift; path = CameraViewModel.swift; sourceTree = "<group>"; };
		5E3D75442B4E855F007AB68A /* CameraView.swift */ = {isa = PBXFileReference; lastKnownFileType = sourcecode.swift; path = CameraView.swift; sourceTree = "<group>"; };
		5E4728322AF7E2D000AA3EB1 /* EnterPhoneNumberView.swift */ = {isa = PBXFileReference; lastKnownFileType = sourcecode.swift; path = EnterPhoneNumberView.swift; sourceTree = "<group>"; };
		5E4728342AF7EE6C00AA3EB1 /* EnterCodeView.swift */ = {isa = PBXFileReference; lastKnownFileType = sourcecode.swift; path = EnterCodeView.swift; sourceTree = "<group>"; };
		5E4728362AF8D1CB00AA3EB1 /* MainAuthView.swift */ = {isa = PBXFileReference; lastKnownFileType = sourcecode.swift; path = MainAuthView.swift; sourceTree = "<group>"; };
		5E4728382AF8D6F500AA3EB1 /* AuthViewModel.swift */ = {isa = PBXFileReference; lastKnownFileType = sourcecode.swift; path = AuthViewModel.swift; sourceTree = "<group>"; };
		5E47283A2AF8D73400AA3EB1 /* Year.swift */ = {isa = PBXFileReference; lastKnownFileType = sourcecode.swift; path = Year.swift; sourceTree = "<group>"; };
		5E4CCB272B498C9800807E6D /* User.swift */ = {isa = PBXFileReference; lastKnownFileType = sourcecode.swift; path = User.swift; sourceTree = "<group>"; };
		5E4CCB292B498EF300807E6D /* MainView.swift */ = {isa = PBXFileReference; lastKnownFileType = sourcecode.swift; path = MainView.swift; sourceTree = "<group>"; };
		5E4DC4F42AD47C41003AEA20 /* NotificationsButtonView.swift */ = {isa = PBXFileReference; lastKnownFileType = sourcecode.swift; path = NotificationsButtonView.swift; sourceTree = "<group>"; };
		5E4DC4F62AD4818B003AEA20 /* WhiteButtonView.swift */ = {isa = PBXFileReference; lastKnownFileType = sourcecode.swift; path = WhiteButtonView.swift; sourceTree = "<group>"; };
		5E4DC4F82AD5F31E003AEA20 /* EnterNameView.swift */ = {isa = PBXFileReference; lastKnownFileType = sourcecode.swift; path = EnterNameView.swift; sourceTree = "<group>"; };
		5E4DC4FA2ADF34CD003AEA20 /* EnterAgeView.swift */ = {isa = PBXFileReference; lastKnownFileType = sourcecode.swift; path = EnterAgeView.swift; sourceTree = "<group>"; };
		5E5CC93A2AFB01FB00A2F39A /* GoogleService-Info.plist */ = {isa = PBXFileReference; fileEncoding = 4; lastKnownFileType = text.plist.xml; path = "GoogleService-Info.plist"; sourceTree = "<group>"; };
		5E5CC93C2AFB035F00A2F39A /* Info.plist */ = {isa = PBXFileReference; lastKnownFileType = text.plist.xml; path = Info.plist; sourceTree = "<group>"; };
		5E73DDFB2AE1DC8C0048B2E9 /* countries.json */ = {isa = PBXFileReference; lastKnownFileType = text.json; path = countries.json; sourceTree = "<group>"; };
		5E9338A32B4B4F950087107A /* ImageUploader.swift */ = {isa = PBXFileReference; lastKnownFileType = sourcecode.swift; path = ImageUploader.swift; sourceTree = "<group>"; };
		5E9338A52B4B55AC0087107A /* ImagePicker.swift */ = {isa = PBXFileReference; lastKnownFileType = sourcecode.swift; path = ImagePicker.swift; sourceTree = "<group>"; };
		5E971FC92AB25E4900E5EA9A /* NotificationsView.swift */ = {isa = PBXFileReference; lastKnownFileType = sourcecode.swift; path = NotificationsView.swift; sourceTree = "<group>"; };
		5EA2474F2AB10291007D7CE4 /* OtherView.swift */ = {isa = PBXFileReference; lastKnownFileType = sourcecode.swift; path = OtherView.swift; sourceTree = "<group>"; };
		5EA247512AB1059D007D7CE4 /* HelpView.swift */ = {isa = PBXFileReference; lastKnownFileType = sourcecode.swift; path = HelpView.swift; sourceTree = "<group>"; };
		5EA247532AB106C3007D7CE4 /* ChevronButtonView.swift */ = {isa = PBXFileReference; lastKnownFileType = sourcecode.swift; path = ChevronButtonView.swift; sourceTree = "<group>"; };
		5EA247552AB107D8007D7CE4 /* ContactUsView.swift */ = {isa = PBXFileReference; lastKnownFileType = sourcecode.swift; path = ContactUsView.swift; sourceTree = "<group>"; };
		5EA247572AB109D0007D7CE4 /* MemoriesVIew.swift */ = {isa = PBXFileReference; lastKnownFileType = sourcecode.swift; path = MemoriesVIew.swift; sourceTree = "<group>"; };
		5EA456562A9DD02C004C0A07 /* BeRealClone.app */ = {isa = PBXFileReference; explicitFileType = wrapper.application; includeInIndex = 0; path = BeRealClone.app; sourceTree = BUILT_PRODUCTS_DIR; };
		5EA456592A9DD02C004C0A07 /* BeRealCloneApp.swift */ = {isa = PBXFileReference; lastKnownFileType = sourcecode.swift; path = BeRealCloneApp.swift; sourceTree = "<group>"; };
		5EA4565B2A9DD02C004C0A07 /* ContentView.swift */ = {isa = PBXFileReference; lastKnownFileType = sourcecode.swift; path = ContentView.swift; sourceTree = "<group>"; };
		5EA4565D2A9DD02D004C0A07 /* Assets.xcassets */ = {isa = PBXFileReference; lastKnownFileType = folder.assetcatalog; path = Assets.xcassets; sourceTree = "<group>"; };
		5EA456602A9DD02D004C0A07 /* Preview Assets.xcassets */ = {isa = PBXFileReference; lastKnownFileType = folder.assetcatalog; path = "Preview Assets.xcassets"; sourceTree = "<group>"; };
		5EA456672A9DD12B004C0A07 /* FeedView.swift */ = {isa = PBXFileReference; lastKnownFileType = sourcecode.swift; path = FeedView.swift; sourceTree = "<group>"; };
		5EA456692A9DD79D004C0A07 /* FeedCell.swift */ = {isa = PBXFileReference; lastKnownFileType = sourcecode.swift; path = FeedCell.swift; sourceTree = "<group>"; };
		5EA4566C2A9E99C3004C0A07 /* ThreeDots.swift */ = {isa = PBXFileReference; lastKnownFileType = sourcecode.swift; path = ThreeDots.swift; sourceTree = "<group>"; };
		5EA4566E2AA13CC5004C0A07 /* ProfileView.swift */ = {isa = PBXFileReference; lastKnownFileType = sourcecode.swift; path = ProfileView.swift; sourceTree = "<group>"; };
		5EA456702AA141E1004C0A07 /* MemoryView.swift */ = {isa = PBXFileReference; lastKnownFileType = sourcecode.swift; path = MemoryView.swift; sourceTree = "<group>"; };
		5EA456722AA53077004C0A07 /* SettingsView.swift */ = {isa = PBXFileReference; lastKnownFileType = sourcecode.swift; path = SettingsView.swift; sourceTree = "<group>"; };
		5EA456772AA70C03004C0A07 /* EditProfileView.swift */ = {isa = PBXFileReference; lastKnownFileType = sourcecode.swift; path = EditProfileView.swift; sourceTree = "<group>"; };
		5EA4567A2AA71297004C0A07 /* Extensions.swift */ = {isa = PBXFileReference; lastKnownFileType = sourcecode.swift; path = Extensions.swift; sourceTree = "<group>"; };
		5EA4567C2AA924C6004C0A07 /* TimeZoneView.swift */ = {isa = PBXFileReference; lastKnownFileType = sourcecode.swift; path = TimeZoneView.swift; sourceTree = "<group>"; };
		5EC7A5C52AADBDFC006F133E /* LeftMenuView.swift */ = {isa = PBXFileReference; lastKnownFileType = sourcecode.swift; path = LeftMenuView.swift; sourceTree = "<group>"; };
		5EC7A5C72AADBE2A006F133E /* LeftMenuTopView.swift */ = {isa = PBXFileReference; lastKnownFileType = sourcecode.swift; path = LeftMenuTopView.swift; sourceTree = "<group>"; };
		5EC7A5C92AADBEA6006F133E /* SearchBar.swift */ = {isa = PBXFileReference; lastKnownFileType = sourcecode.swift; path = SearchBar.swift; sourceTree = "<group>"; };
		5EC7A5CB2AADC5AB006F133E /* Suggestions.swift */ = {isa = PBXFileReference; lastKnownFileType = sourcecode.swift; path = Suggestions.swift; sourceTree = "<group>"; };
		5EC7A5CD2AADC74C006F133E /* SuggestionCellView.swift */ = {isa = PBXFileReference; lastKnownFileType = sourcecode.swift; path = SuggestionCellView.swift; sourceTree = "<group>"; };
		5EC7A5CF2AADCADC006F133E /* Friends.swift */ = {isa = PBXFileReference; lastKnownFileType = sourcecode.swift; path = Friends.swift; sourceTree = "<group>"; };
		5EC7A5D12AADCBF8006F133E /* FriendsCellView.swift */ = {isa = PBXFileReference; lastKnownFileType = sourcecode.swift; path = FriendsCellView.swift; sourceTree = "<group>"; };
		5EC7A5D32AADCDE8006F133E /* Requests.swift */ = {isa = PBXFileReference; lastKnownFileType = sourcecode.swift; path = Requests.swift; sourceTree = "<group>"; };
		5EFDC5F62AE5CB53001D8F8B /* Country.swift */ = {isa = PBXFileReference; lastKnownFileType = sourcecode.swift; path = Country.swift; sourceTree = "<group>"; };
		5EFDC5F82AE5CE14001D8F8B /* SelectCountryView.swift */ = {isa = PBXFileReference; lastKnownFileType = sourcecode.swift; path = SelectCountryView.swift; sourceTree = "<group>"; };
/* End PBXFileReference section */

/* Begin PBXFrameworksBuildPhase section */
		5EA456532A9DD02C004C0A07 /* Frameworks */ = {
			isa = PBXFrameworksBuildPhase;
			buildActionMask = 2147483647;
			files = (
				5E5CC9212AFAF8F800A2F39A /* FirebaseFunctions in Frameworks */,
				5E5CC9172AFAF8F800A2F39A /* FirebaseDatabaseSwift in Frameworks */,
				5E5CC9272AFAF8F800A2F39A /* FirebaseInAppMessagingSwift-Beta in Frameworks */,
				5E5CC92D2AFAF8F800A2F39A /* FirebaseMessaging in Frameworks */,
				5E5CC90D2AFAF8F800A2F39A /* FirebaseAppDistribution-Beta in Frameworks */,
				5E5CC9112AFAF8F800A2F39A /* FirebaseAuthCombine-Community in Frameworks */,
				5E5CC91D2AFAF8F800A2F39A /* FirebaseFirestoreCombine-Community in Frameworks */,
				5E5CC9072AFAF8F800A2F39A /* FirebaseAnalyticsSwift in Frameworks */,
				5E9338A92B4B65070087107A /* Kingfisher in Frameworks */,
				5E5CC92B2AFAF8F800A2F39A /* FirebaseMLModelDownloader in Frameworks */,
				5E5CC9092AFAF8F800A2F39A /* FirebaseAnalyticsWithoutAdIdSupport in Frameworks */,
				5E5CC9032AFAF8F800A2F39A /* FirebaseAnalytics in Frameworks */,
				5E5CC91F2AFAF8F800A2F39A /* FirebaseFirestoreSwift in Frameworks */,
				5E5CC9052AFAF8F800A2F39A /* FirebaseAnalyticsOnDeviceConversion in Frameworks */,
				5E5CC90B2AFAF8F800A2F39A /* FirebaseAppCheck in Frameworks */,
				5E5CC92F2AFAF8F800A2F39A /* FirebasePerformance in Frameworks */,
				5E5CC9252AFAF8F800A2F39A /* FirebaseInAppMessaging-Beta in Frameworks */,
				5E5CC9232AFAF8F800A2F39A /* FirebaseFunctionsCombine-Community in Frameworks */,
				5E5CC9132AFAF8F800A2F39A /* FirebaseCrashlytics in Frameworks */,
				5E5CC9292AFAF8F800A2F39A /* FirebaseInstallations in Frameworks */,
				5E5CC9312AFAF8F800A2F39A /* FirebaseRemoteConfig in Frameworks */,
				5E5CC9352AFAF8F800A2F39A /* FirebaseStorage in Frameworks */,
				5E5CC9152AFAF8F800A2F39A /* FirebaseDatabase in Frameworks */,
				5E5CC9372AFAF8F800A2F39A /* FirebaseStorageCombine-Community in Frameworks */,
				5E4FF99A2AE1DA0B009B1740 /* CountryPicker in Frameworks */,
				5E5CC90F2AFAF8F800A2F39A /* FirebaseAuth in Frameworks */,
				5E5CC9192AFAF8F800A2F39A /* FirebaseDynamicLinks in Frameworks */,
				5E5CC91B2AFAF8F800A2F39A /* FirebaseFirestore in Frameworks */,
				5E5CC9332AFAF8F800A2F39A /* FirebaseRemoteConfigSwift in Frameworks */,
			);
			runOnlyForDeploymentPostprocessing = 0;
		};
/* End PBXFrameworksBuildPhase section */

/* Begin PBXGroup section */
		5E076C1A2B5BDF09009C7D67 /* Model */ = {
			isa = PBXGroup;
			children = (
				5E47283A2AF8D73400AA3EB1 /* Year.swift */,
				5EFDC5F62AE5CB53001D8F8B /* Country.swift */,
				5E4CCB272B498C9800807E6D /* User.swift */,
			);
			path = Model;
			sourceTree = "<group>";
		};
		5E076C1B2B5BDF34009C7D67 /* ViewModel */ = {
			isa = PBXGroup;
			children = (
				5E4728382AF8D6F500AA3EB1 /* AuthViewModel.swift */,
				5E076C182B5BD6CB009C7D67 /* CameraViewModel.swift */,
			);
			path = ViewModel;
			sourceTree = "<group>";
		};
		5E076C1C2B5BE0D5009C7D67 /* Helpers */ = {
			isa = PBXGroup;
			children = (
				5E9338A32B4B4F950087107A /* ImageUploader.swift */,
			);
			path = Helpers;
			sourceTree = "<group>";
		};
		5E076C1D2B5BE12E009C7D67 /* Feed */ = {
			isa = PBXGroup;
			children = (
				5EA456672A9DD12B004C0A07 /* FeedView.swift */,
				5EA456692A9DD79D004C0A07 /* FeedCell.swift */,
			);
			path = Feed;
			sourceTree = "<group>";
		};
		5E076C1E2B5BE188009C7D67 /* Items */ = {
			isa = PBXGroup;
			children = (
				5EA247532AB106C3007D7CE4 /* ChevronButtonView.swift */,
				5EC7A5C92AADBEA6006F133E /* SearchBar.swift */,
				5E4DC4F62AD4818B003AEA20 /* WhiteButtonView.swift */,
				5EA4566C2A9E99C3004C0A07 /* ThreeDots.swift */,
			);
			path = Items;
			sourceTree = "<group>";
		};
		5E076C1F2B5BE30F009C7D67 /* LeftMenu */ = {
			isa = PBXGroup;
			children = (
				5EC7A5C52AADBDFC006F133E /* LeftMenuView.swift */,
				5EC7A5C72AADBE2A006F133E /* LeftMenuTopView.swift */,
				5EC7A5CB2AADC5AB006F133E /* Suggestions.swift */,
				5EC7A5CD2AADC74C006F133E /* SuggestionCellView.swift */,
				5EC7A5CF2AADCADC006F133E /* Friends.swift */,
				5EC7A5D12AADCBF8006F133E /* FriendsCellView.swift */,
				5EC7A5D32AADCDE8006F133E /* Requests.swift */,
			);
			path = LeftMenu;
			sourceTree = "<group>";
		};
		5E076C202B5BE45A009C7D67 /* View */ = {
			isa = PBXGroup;
			children = (
				5E076C1E2B5BE188009C7D67 /* Items */,
				5E971FCB2AB260BD00E5EA9A /* SettingsView */,
				5E076C1F2B5BE30F009C7D67 /* LeftMenu */,
				5E4728312AF7E2A800AA3EB1 /* Authentication */,
				5E076C1D2B5BE12E009C7D67 /* Feed */,
				5E4DC4F42AD47C41003AEA20 /* NotificationsButtonView.swift */,
				5EA456702AA141E1004C0A07 /* MemoryView.swift */,
				5EA4566E2AA13CC5004C0A07 /* ProfileView.swift */,
				5EA4565B2A9DD02C004C0A07 /* ContentView.swift */,
				5E4CCB292B498EF300807E6D /* MainView.swift */,
				5E3D75442B4E855F007AB68A /* CameraView.swift */,
			);
			path = View;
			sourceTree = "<group>";
		};
		5E4728312AF7E2A800AA3EB1 /* Authentication */ = {
			isa = PBXGroup;
			children = (
				5E4DC4F82AD5F31E003AEA20 /* EnterNameView.swift */,
				5E4DC4FA2ADF34CD003AEA20 /* EnterAgeView.swift */,
				5EFDC5F82AE5CE14001D8F8B /* SelectCountryView.swift */,
				5E4728322AF7E2D000AA3EB1 /* EnterPhoneNumberView.swift */,
				5E4728342AF7EE6C00AA3EB1 /* EnterCodeView.swift */,
				5E4728362AF8D1CB00AA3EB1 /* MainAuthView.swift */,
			);
			path = Authentication;
			sourceTree = "<group>";
		};
		5E971FCB2AB260BD00E5EA9A /* SettingsView */ = {
			isa = PBXGroup;
			children = (
				5EA456722AA53077004C0A07 /* SettingsView.swift */,
				5EA456772AA70C03004C0A07 /* EditProfileView.swift */,
				5EA4567C2AA924C6004C0A07 /* TimeZoneView.swift */,
				5EA2474F2AB10291007D7CE4 /* OtherView.swift */,
				5EA247512AB1059D007D7CE4 /* HelpView.swift */,
				5EA247552AB107D8007D7CE4 /* ContactUsView.swift */,
				5EA247572AB109D0007D7CE4 /* MemoriesVIew.swift */,
				5E971FC92AB25E4900E5EA9A /* NotificationsView.swift */,
			);
			path = SettingsView;
			sourceTree = "<group>";
		};
		5EA4564D2A9DD02C004C0A07 = {
			isa = PBXGroup;
			children = (
				5EA456582A9DD02C004C0A07 /* BeRealClone */,
				5EA456572A9DD02C004C0A07 /* Products */,
			);
			sourceTree = "<group>";
		};
		5EA456572A9DD02C004C0A07 /* Products */ = {
			isa = PBXGroup;
			children = (
				5EA456562A9DD02C004C0A07 /* BeRealClone.app */,
			);
			name = Products;
			sourceTree = "<group>";
		};
		5EA456582A9DD02C004C0A07 /* BeRealClone */ = {
			isa = PBXGroup;
			children = (
				5E5CC93C2AFB035F00A2F39A /* Info.plist */,
				5E5CC93A2AFB01FB00A2F39A /* GoogleService-Info.plist */,
				5E73DDFB2AE1DC8C0048B2E9 /* countries.json */,
				5EA456592A9DD02C004C0A07 /* BeRealCloneApp.swift */,
				5E076C1C2B5BE0D5009C7D67 /* Helpers */,
				5EA456792AA7127F004C0A07 /* Extensions */,
				5E076C1B2B5BDF34009C7D67 /* ViewModel */,
				5E076C202B5BE45A009C7D67 /* View */,
				5E076C1A2B5BDF09009C7D67 /* Model */,
				5EA4565D2A9DD02D004C0A07 /* Assets.xcassets */,
				5EA4565F2A9DD02D004C0A07 /* Preview Content */,
			);
			path = BeRealClone;
			sourceTree = "<group>";
		};
		5EA4565F2A9DD02D004C0A07 /* Preview Content */ = {
			isa = PBXGroup;
			children = (
				5EA456602A9DD02D004C0A07 /* Preview Assets.xcassets */,
			);
			path = "Preview Content";
			sourceTree = "<group>";
		};
		5EA456792AA7127F004C0A07 /* Extensions */ = {
			isa = PBXGroup;
			children = (
				5EA4567A2AA71297004C0A07 /* Extensions.swift */,
				5E9338A52B4B55AC0087107A /* ImagePicker.swift */,
			);
			path = Extensions;
			sourceTree = "<group>";
		};
/* End PBXGroup section */

/* Begin PBXNativeTarget section */
		5EA456552A9DD02C004C0A07 /* BeRealClone */ = {
			isa = PBXNativeTarget;
			buildConfigurationList = 5EA456642A9DD02D004C0A07 /* Build configuration list for PBXNativeTarget "BeRealClone" */;
			buildPhases = (
				5EA456522A9DD02C004C0A07 /* Sources */,
				5EA456532A9DD02C004C0A07 /* Frameworks */,
				5EA456542A9DD02C004C0A07 /* Resources */,
			);
			buildRules = (
			);
			dependencies = (
			);
			name = BeRealClone;
			packageProductDependencies = (
				5E4FF9992AE1DA0B009B1740 /* CountryPicker */,
				5E5CC9022AFAF8F800A2F39A /* FirebaseAnalytics */,
				5E5CC9042AFAF8F800A2F39A /* FirebaseAnalyticsOnDeviceConversion */,
				5E5CC9062AFAF8F800A2F39A /* FirebaseAnalyticsSwift */,
				5E5CC9082AFAF8F800A2F39A /* FirebaseAnalyticsWithoutAdIdSupport */,
				5E5CC90A2AFAF8F800A2F39A /* FirebaseAppCheck */,
				5E5CC90C2AFAF8F800A2F39A /* FirebaseAppDistribution-Beta */,
				5E5CC90E2AFAF8F800A2F39A /* FirebaseAuth */,
				5E5CC9102AFAF8F800A2F39A /* FirebaseAuthCombine-Community */,
				5E5CC9122AFAF8F800A2F39A /* FirebaseCrashlytics */,
				5E5CC9142AFAF8F800A2F39A /* FirebaseDatabase */,
				5E5CC9162AFAF8F800A2F39A /* FirebaseDatabaseSwift */,
				5E5CC9182AFAF8F800A2F39A /* FirebaseDynamicLinks */,
				5E5CC91A2AFAF8F800A2F39A /* FirebaseFirestore */,
				5E5CC91C2AFAF8F800A2F39A /* FirebaseFirestoreCombine-Community */,
				5E5CC91E2AFAF8F800A2F39A /* FirebaseFirestoreSwift */,
				5E5CC9202AFAF8F800A2F39A /* FirebaseFunctions */,
				5E5CC9222AFAF8F800A2F39A /* FirebaseFunctionsCombine-Community */,
				5E5CC9242AFAF8F800A2F39A /* FirebaseInAppMessaging-Beta */,
				5E5CC9262AFAF8F800A2F39A /* FirebaseInAppMessagingSwift-Beta */,
				5E5CC9282AFAF8F800A2F39A /* FirebaseInstallations */,
				5E5CC92A2AFAF8F800A2F39A /* FirebaseMLModelDownloader */,
				5E5CC92C2AFAF8F800A2F39A /* FirebaseMessaging */,
				5E5CC92E2AFAF8F800A2F39A /* FirebasePerformance */,
				5E5CC9302AFAF8F800A2F39A /* FirebaseRemoteConfig */,
				5E5CC9322AFAF8F800A2F39A /* FirebaseRemoteConfigSwift */,
				5E5CC9342AFAF8F800A2F39A /* FirebaseStorage */,
				5E5CC9362AFAF8F800A2F39A /* FirebaseStorageCombine-Community */,
				5E9338A82B4B65070087107A /* Kingfisher */,
			);
			productName = BeRealClone;
			productReference = 5EA456562A9DD02C004C0A07 /* BeRealClone.app */;
			productType = "com.apple.product-type.application";
		};
/* End PBXNativeTarget section */

/* Begin PBXProject section */
		5EA4564E2A9DD02C004C0A07 /* Project object */ = {
			isa = PBXProject;
			attributes = {
				BuildIndependentTargetsInParallel = 1;
				LastSwiftUpdateCheck = 1430;
				LastUpgradeCheck = 1500;
				TargetAttributes = {
					5EA456552A9DD02C004C0A07 = {
						CreatedOnToolsVersion = 14.3.1;
					};
				};
			};
			buildConfigurationList = 5EA456512A9DD02C004C0A07 /* Build configuration list for PBXProject "BeRealClone" */;
			compatibilityVersion = "Xcode 14.0";
			developmentRegion = en;
			hasScannedForEncodings = 0;
			knownRegions = (
				en,
				Base,
			);
			mainGroup = 5EA4564D2A9DD02C004C0A07;
			packageReferences = (
				5E4FF9982AE1DA0B009B1740 /* XCRemoteSwiftPackageReference "CountryPicker" */,
				5E5CC9012AFAF8F800A2F39A /* XCRemoteSwiftPackageReference "firebase-ios-sdk" */,
				5E9338A72B4B65070087107A /* XCRemoteSwiftPackageReference "Kingfisher" */,
			);
			productRefGroup = 5EA456572A9DD02C004C0A07 /* Products */;
			projectDirPath = "";
			projectRoot = "";
			targets = (
				5EA456552A9DD02C004C0A07 /* BeRealClone */,
			);
		};
/* End PBXProject section */

/* Begin PBXResourcesBuildPhase section */
		5EA456542A9DD02C004C0A07 /* Resources */ = {
			isa = PBXResourcesBuildPhase;
			buildActionMask = 2147483647;
			files = (
				5E73DDFC2AE1DC8C0048B2E9 /* countries.json in Resources */,
				5E5CC93B2AFB01FB00A2F39A /* GoogleService-Info.plist in Resources */,
				5EA456612A9DD02D004C0A07 /* Preview Assets.xcassets in Resources */,
				5EA4565E2A9DD02D004C0A07 /* Assets.xcassets in Resources */,
			);
			runOnlyForDeploymentPostprocessing = 0;
		};
/* End PBXResourcesBuildPhase section */

/* Begin PBXSourcesBuildPhase section */
		5EA456522A9DD02C004C0A07 /* Sources */ = {
			isa = PBXSourcesBuildPhase;
			buildActionMask = 2147483647;
			files = (
				5EC7A5C62AADBDFC006F133E /* LeftMenuView.swift in Sources */,
				5E4DC4F52AD47C41003AEA20 /* NotificationsButtonView.swift in Sources */,
				5E4DC4FB2ADF34CD003AEA20 /* EnterAgeView.swift in Sources */,
				5EA456712AA141E1004C0A07 /* MemoryView.swift in Sources */,
				5EA4565C2A9DD02C004C0A07 /* ContentView.swift in Sources */,
				5E9338A42B4B4F950087107A /* ImageUploader.swift in Sources */,
				5E4CCB2A2B498EF300807E6D /* MainView.swift in Sources */,
				5EA456732AA53077004C0A07 /* SettingsView.swift in Sources */,
				5EA4567D2AA924C6004C0A07 /* TimeZoneView.swift in Sources */,
				5E3D75452B4E855F007AB68A /* CameraView.swift in Sources */,
				5EC7A5C82AADBE2A006F133E /* LeftMenuTopView.swift in Sources */,
				5E076C192B5BD6CB009C7D67 /* CameraViewModel.swift in Sources */,
				5EC7A5CE2AADC74C006F133E /* SuggestionCellView.swift in Sources */,
				5EC7A5CC2AADC5AB006F133E /* Suggestions.swift in Sources */,
				5E4728392AF8D6F500AA3EB1 /* AuthViewModel.swift in Sources */,
				5EA4566F2AA13CC5004C0A07 /* ProfileView.swift in Sources */,
				5EA247582AB109D0007D7CE4 /* MemoriesVIew.swift in Sources */,
				5EC7A5D02AADCADC006F133E /* Friends.swift in Sources */,
				5EA247522AB1059D007D7CE4 /* HelpView.swift in Sources */,
				5EC7A5CA2AADBEA6006F133E /* SearchBar.swift in Sources */,
				5EA247562AB107D8007D7CE4 /* ContactUsView.swift in Sources */,
				5EA4566D2A9E99C3004C0A07 /* ThreeDots.swift in Sources */,
				5E4DC4F92AD5F31E003AEA20 /* EnterNameView.swift in Sources */,
				5E4728332AF7E2D000AA3EB1 /* EnterPhoneNumberView.swift in Sources */,
				5EC7A5D42AADCDE8006F133E /* Requests.swift in Sources */,
				5E971FCA2AB25E4900E5EA9A /* NotificationsView.swift in Sources */,
				5E47283B2AF8D73400AA3EB1 /* Year.swift in Sources */,
				5E4CCB282B498C9800807E6D /* User.swift in Sources */,
				5EA247542AB106C3007D7CE4 /* ChevronButtonView.swift in Sources */,
				5EFDC5F92AE5CE14001D8F8B /* SelectCountryView.swift in Sources */,
				5E4728372AF8D1CB00AA3EB1 /* MainAuthView.swift in Sources */,
				5EA4567B2AA71297004C0A07 /* Extensions.swift in Sources */,
				5EA4566A2A9DD79D004C0A07 /* FeedCell.swift in Sources */,
				5EA456682A9DD12B004C0A07 /* FeedView.swift in Sources */,
				5EA4565A2A9DD02C004C0A07 /* BeRealCloneApp.swift in Sources */,
				5E4DC4F72AD4818B003AEA20 /* WhiteButtonView.swift in Sources */,
				5EC7A5D22AADCBF8006F133E /* FriendsCellView.swift in Sources */,
				5EA456782AA70C03004C0A07 /* EditProfileView.swift in Sources */,
				5EFDC5F72AE5CB53001D8F8B /* Country.swift in Sources */,
				5E9338A62B4B55AC0087107A /* ImagePicker.swift in Sources */,
				5EA247502AB10291007D7CE4 /* OtherView.swift in Sources */,
				5E4728352AF7EE6C00AA3EB1 /* EnterCodeView.swift in Sources */,
			);
			runOnlyForDeploymentPostprocessing = 0;
		};
/* End PBXSourcesBuildPhase section */

/* Begin XCBuildConfiguration section */
		5EA456622A9DD02D004C0A07 /* Debug */ = {
			isa = XCBuildConfiguration;
			buildSettings = {
				ALWAYS_SEARCH_USER_PATHS = NO;
				CLANG_ANALYZER_NONNULL = YES;
				CLANG_ANALYZER_NUMBER_OBJECT_CONVERSION = YES_AGGRESSIVE;
				CLANG_CXX_LANGUAGE_STANDARD = "gnu++20";
				CLANG_ENABLE_MODULES = YES;
				CLANG_ENABLE_OBJC_ARC = YES;
				CLANG_ENABLE_OBJC_WEAK = YES;
				CLANG_WARN_BLOCK_CAPTURE_AUTORELEASING = YES;
				CLANG_WARN_BOOL_CONVERSION = YES;
				CLANG_WARN_COMMA = YES;
				CLANG_WARN_CONSTANT_CONVERSION = YES;
				CLANG_WARN_DEPRECATED_OBJC_IMPLEMENTATIONS = YES;
				CLANG_WARN_DIRECT_OBJC_ISA_USAGE = YES_ERROR;
				CLANG_WARN_DOCUMENTATION_COMMENTS = YES;
				CLANG_WARN_EMPTY_BODY = YES;
				CLANG_WARN_ENUM_CONVERSION = YES;
				CLANG_WARN_INFINITE_RECURSION = YES;
				CLANG_WARN_INT_CONVERSION = YES;
				CLANG_WARN_NON_LITERAL_NULL_CONVERSION = YES;
				CLANG_WARN_OBJC_IMPLICIT_RETAIN_SELF = YES;
				CLANG_WARN_OBJC_LITERAL_CONVERSION = YES;
				CLANG_WARN_OBJC_ROOT_CLASS = YES_ERROR;
				CLANG_WARN_QUOTED_INCLUDE_IN_FRAMEWORK_HEADER = YES;
				CLANG_WARN_RANGE_LOOP_ANALYSIS = YES;
				CLANG_WARN_STRICT_PROTOTYPES = YES;
				CLANG_WARN_SUSPICIOUS_MOVE = YES;
				CLANG_WARN_UNGUARDED_AVAILABILITY = YES_AGGRESSIVE;
				CLANG_WARN_UNREACHABLE_CODE = YES;
				CLANG_WARN__DUPLICATE_METHOD_MATCH = YES;
				COPY_PHASE_STRIP = NO;
				DEBUG_INFORMATION_FORMAT = dwarf;
				ENABLE_STRICT_OBJC_MSGSEND = YES;
				ENABLE_TESTABILITY = YES;
				ENABLE_USER_SCRIPT_SANDBOXING = YES;
				GCC_C_LANGUAGE_STANDARD = gnu11;
				GCC_DYNAMIC_NO_PIC = NO;
				GCC_NO_COMMON_BLOCKS = YES;
				GCC_OPTIMIZATION_LEVEL = 0;
				GCC_PREPROCESSOR_DEFINITIONS = (
					"DEBUG=1",
					"$(inherited)",
				);
				GCC_WARN_64_TO_32_BIT_CONVERSION = YES;
				GCC_WARN_ABOUT_RETURN_TYPE = YES_ERROR;
				GCC_WARN_UNDECLARED_SELECTOR = YES;
				GCC_WARN_UNINITIALIZED_AUTOS = YES_AGGRESSIVE;
				GCC_WARN_UNUSED_FUNCTION = YES;
				GCC_WARN_UNUSED_VARIABLE = YES;
				IPHONEOS_DEPLOYMENT_TARGET = 16.4;
				MTL_ENABLE_DEBUG_INFO = INCLUDE_SOURCE;
				MTL_FAST_MATH = YES;
				ONLY_ACTIVE_ARCH = YES;
				SDKROOT = iphoneos;
				SWIFT_ACTIVE_COMPILATION_CONDITIONS = DEBUG;
				SWIFT_OPTIMIZATION_LEVEL = "-Onone";
			};
			name = Debug;
		};
		5EA456632A9DD02D004C0A07 /* Release */ = {
			isa = XCBuildConfiguration;
			buildSettings = {
				ALWAYS_SEARCH_USER_PATHS = NO;
				CLANG_ANALYZER_NONNULL = YES;
				CLANG_ANALYZER_NUMBER_OBJECT_CONVERSION = YES_AGGRESSIVE;
				CLANG_CXX_LANGUAGE_STANDARD = "gnu++20";
				CLANG_ENABLE_MODULES = YES;
				CLANG_ENABLE_OBJC_ARC = YES;
				CLANG_ENABLE_OBJC_WEAK = YES;
				CLANG_WARN_BLOCK_CAPTURE_AUTORELEASING = YES;
				CLANG_WARN_BOOL_CONVERSION = YES;
				CLANG_WARN_COMMA = YES;
				CLANG_WARN_CONSTANT_CONVERSION = YES;
				CLANG_WARN_DEPRECATED_OBJC_IMPLEMENTATIONS = YES;
				CLANG_WARN_DIRECT_OBJC_ISA_USAGE = YES_ERROR;
				CLANG_WARN_DOCUMENTATION_COMMENTS = YES;
				CLANG_WARN_EMPTY_BODY = YES;
				CLANG_WARN_ENUM_CONVERSION = YES;
				CLANG_WARN_INFINITE_RECURSION = YES;
				CLANG_WARN_INT_CONVERSION = YES;
				CLANG_WARN_NON_LITERAL_NULL_CONVERSION = YES;
				CLANG_WARN_OBJC_IMPLICIT_RETAIN_SELF = YES;
				CLANG_WARN_OBJC_LITERAL_CONVERSION = YES;
				CLANG_WARN_OBJC_ROOT_CLASS = YES_ERROR;
				CLANG_WARN_QUOTED_INCLUDE_IN_FRAMEWORK_HEADER = YES;
				CLANG_WARN_RANGE_LOOP_ANALYSIS = YES;
				CLANG_WARN_STRICT_PROTOTYPES = YES;
				CLANG_WARN_SUSPICIOUS_MOVE = YES;
				CLANG_WARN_UNGUARDED_AVAILABILITY = YES_AGGRESSIVE;
				CLANG_WARN_UNREACHABLE_CODE = YES;
				CLANG_WARN__DUPLICATE_METHOD_MATCH = YES;
				COPY_PHASE_STRIP = NO;
				DEBUG_INFORMATION_FORMAT = "dwarf-with-dsym";
				ENABLE_NS_ASSERTIONS = NO;
				ENABLE_STRICT_OBJC_MSGSEND = YES;
				ENABLE_USER_SCRIPT_SANDBOXING = YES;
				GCC_C_LANGUAGE_STANDARD = gnu11;
				GCC_NO_COMMON_BLOCKS = YES;
				GCC_WARN_64_TO_32_BIT_CONVERSION = YES;
				GCC_WARN_ABOUT_RETURN_TYPE = YES_ERROR;
				GCC_WARN_UNDECLARED_SELECTOR = YES;
				GCC_WARN_UNINITIALIZED_AUTOS = YES_AGGRESSIVE;
				GCC_WARN_UNUSED_FUNCTION = YES;
				GCC_WARN_UNUSED_VARIABLE = YES;
				IPHONEOS_DEPLOYMENT_TARGET = 16.4;
				MTL_ENABLE_DEBUG_INFO = NO;
				MTL_FAST_MATH = YES;
				SDKROOT = iphoneos;
				SWIFT_COMPILATION_MODE = wholemodule;
				SWIFT_OPTIMIZATION_LEVEL = "-O";
				VALIDATE_PRODUCT = YES;
			};
			name = Release;
		};
		5EA456652A9DD02D004C0A07 /* Debug */ = {
			isa = XCBuildConfiguration;
			buildSettings = {
				ASSETCATALOG_COMPILER_APPICON_NAME = AppIcon;
				ASSETCATALOG_COMPILER_GLOBAL_ACCENT_COLOR_NAME = AccentColor;
				CODE_SIGN_STYLE = Automatic;
				CURRENT_PROJECT_VERSION = 1;
				DEVELOPMENT_ASSET_PATHS = "\"BeRealClone/Preview Content\"";
				DEVELOPMENT_TEAM = 5H4L2XMW7V;
				ENABLE_PREVIEWS = YES;
				GENERATE_INFOPLIST_FILE = YES;
				INFOPLIST_FILE = BeRealClone/Info.plist;
				INFOPLIST_KEY_UIApplicationSceneManifest_Generation = YES;
				INFOPLIST_KEY_UIApplicationSupportsIndirectInputEvents = YES;
				INFOPLIST_KEY_UILaunchScreen_Generation = YES;
				INFOPLIST_KEY_UISupportedInterfaceOrientations_iPad = "UIInterfaceOrientationPortrait UIInterfaceOrientationPortraitUpsideDown UIInterfaceOrientationLandscapeLeft UIInterfaceOrientationLandscapeRight";
				INFOPLIST_KEY_UISupportedInterfaceOrientations_iPhone = "UIInterfaceOrientationPortrait UIInterfaceOrientationLandscapeLeft UIInterfaceOrientationLandscapeRight";
				LD_RUNPATH_SEARCH_PATHS = (
					"$(inherited)",
					"@executable_path/Frameworks",
				);
				MARKETING_VERSION = 1.0;
				PRODUCT_BUNDLE_IDENTIFIER = com.kuba.BeRealClone;
				PRODUCT_NAME = "$(TARGET_NAME)";
				SWIFT_EMIT_LOC_STRINGS = YES;
				SWIFT_VERSION = 5.0;
				TARGETED_DEVICE_FAMILY = "1,2";
			};
			name = Debug;
		};
		5EA456662A9DD02D004C0A07 /* Release */ = {
			isa = XCBuildConfiguration;
			buildSettings = {
				ASSETCATALOG_COMPILER_APPICON_NAME = AppIcon;
				ASSETCATALOG_COMPILER_GLOBAL_ACCENT_COLOR_NAME = AccentColor;
				CODE_SIGN_STYLE = Automatic;
				CURRENT_PROJECT_VERSION = 1;
				DEVELOPMENT_ASSET_PATHS = "\"BeRealClone/Preview Content\"";
				DEVELOPMENT_TEAM = 5H4L2XMW7V;
				ENABLE_PREVIEWS = YES;
				GENERATE_INFOPLIST_FILE = YES;
				INFOPLIST_FILE = BeRealClone/Info.plist;
				INFOPLIST_KEY_UIApplicationSceneManifest_Generation = YES;
				INFOPLIST_KEY_UIApplicationSupportsIndirectInputEvents = YES;
				INFOPLIST_KEY_UILaunchScreen_Generation = YES;
				INFOPLIST_KEY_UISupportedInterfaceOrientations_iPad = "UIInterfaceOrientationPortrait UIInterfaceOrientationPortraitUpsideDown UIInterfaceOrientationLandscapeLeft UIInterfaceOrientationLandscapeRight";
				INFOPLIST_KEY_UISupportedInterfaceOrientations_iPhone = "UIInterfaceOrientationPortrait UIInterfaceOrientationLandscapeLeft UIInterfaceOrientationLandscapeRight";
				LD_RUNPATH_SEARCH_PATHS = (
					"$(inherited)",
					"@executable_path/Frameworks",
				);
				MARKETING_VERSION = 1.0;
				PRODUCT_BUNDLE_IDENTIFIER = com.kuba.BeRealClone;
				PRODUCT_NAME = "$(TARGET_NAME)";
				SWIFT_EMIT_LOC_STRINGS = YES;
				SWIFT_VERSION = 5.0;
				TARGETED_DEVICE_FAMILY = "1,2";
			};
			name = Release;
		};
/* End XCBuildConfiguration section */

/* Begin XCConfigurationList section */
		5EA456512A9DD02C004C0A07 /* Build configuration list for PBXProject "BeRealClone" */ = {
			isa = XCConfigurationList;
			buildConfigurations = (
				5EA456622A9DD02D004C0A07 /* Debug */,
				5EA456632A9DD02D004C0A07 /* Release */,
			);
			defaultConfigurationIsVisible = 0;
			defaultConfigurationName = Release;
		};
		5EA456642A9DD02D004C0A07 /* Build configuration list for PBXNativeTarget "BeRealClone" */ = {
			isa = XCConfigurationList;
			buildConfigurations = (
				5EA456652A9DD02D004C0A07 /* Debug */,
				5EA456662A9DD02D004C0A07 /* Release */,
			);
			defaultConfigurationIsVisible = 0;
			defaultConfigurationName = Release;
		};
/* End XCConfigurationList section */

/* Begin XCRemoteSwiftPackageReference section */
		5E4FF9982AE1DA0B009B1740 /* XCRemoteSwiftPackageReference "CountryPicker" */ = {
			isa = XCRemoteSwiftPackageReference;
			repositoryURL = "https://github.com/mobven/CountryPicker.git";
			requirement = {
				kind = upToNextMajorVersion;
				minimumVersion = 2.0.3;
			};
		};
		5E5CC9012AFAF8F800A2F39A /* XCRemoteSwiftPackageReference "firebase-ios-sdk" */ = {
			isa = XCRemoteSwiftPackageReference;
			repositoryURL = "https://github.com/firebase/firebase-ios-sdk";
			requirement = {
				kind = upToNextMajorVersion;
				minimumVersion = 10.17.0;
			};
		};
		5E9338A72B4B65070087107A /* XCRemoteSwiftPackageReference "Kingfisher" */ = {
			isa = XCRemoteSwiftPackageReference;
			repositoryURL = "https://github.com/onevcat/Kingfisher.git";
			requirement = {
				kind = upToNextMajorVersion;
				minimumVersion = 7.10.1;
			};
		};
/* End XCRemoteSwiftPackageReference section */

/* Begin XCSwiftPackageProductDependency section */
		5E4FF9992AE1DA0B009B1740 /* CountryPicker */ = {
			isa = XCSwiftPackageProductDependency;
			package = 5E4FF9982AE1DA0B009B1740 /* XCRemoteSwiftPackageReference "CountryPicker" */;
			productName = CountryPicker;
		};
		5E5CC9022AFAF8F800A2F39A /* FirebaseAnalytics */ = {
			isa = XCSwiftPackageProductDependency;
			package = 5E5CC9012AFAF8F800A2F39A /* XCRemoteSwiftPackageReference "firebase-ios-sdk" */;
			productName = FirebaseAnalytics;
		};
		5E5CC9042AFAF8F800A2F39A /* FirebaseAnalyticsOnDeviceConversion */ = {
			isa = XCSwiftPackageProductDependency;
			package = 5E5CC9012AFAF8F800A2F39A /* XCRemoteSwiftPackageReference "firebase-ios-sdk" */;
			productName = FirebaseAnalyticsOnDeviceConversion;
		};
		5E5CC9062AFAF8F800A2F39A /* FirebaseAnalyticsSwift */ = {
			isa = XCSwiftPackageProductDependency;
			package = 5E5CC9012AFAF8F800A2F39A /* XCRemoteSwiftPackageReference "firebase-ios-sdk" */;
			productName = FirebaseAnalyticsSwift;
		};
		5E5CC9082AFAF8F800A2F39A /* FirebaseAnalyticsWithoutAdIdSupport */ = {
			isa = XCSwiftPackageProductDependency;
			package = 5E5CC9012AFAF8F800A2F39A /* XCRemoteSwiftPackageReference "firebase-ios-sdk" */;
			productName = FirebaseAnalyticsWithoutAdIdSupport;
		};
		5E5CC90A2AFAF8F800A2F39A /* FirebaseAppCheck */ = {
			isa = XCSwiftPackageProductDependency;
			package = 5E5CC9012AFAF8F800A2F39A /* XCRemoteSwiftPackageReference "firebase-ios-sdk" */;
			productName = FirebaseAppCheck;
		};
		5E5CC90C2AFAF8F800A2F39A /* FirebaseAppDistribution-Beta */ = {
			isa = XCSwiftPackageProductDependency;
			package = 5E5CC9012AFAF8F800A2F39A /* XCRemoteSwiftPackageReference "firebase-ios-sdk" */;
			productName = "FirebaseAppDistribution-Beta";
		};
		5E5CC90E2AFAF8F800A2F39A /* FirebaseAuth */ = {
			isa = XCSwiftPackageProductDependency;
			package = 5E5CC9012AFAF8F800A2F39A /* XCRemoteSwiftPackageReference "firebase-ios-sdk" */;
			productName = FirebaseAuth;
		};
		5E5CC9102AFAF8F800A2F39A /* FirebaseAuthCombine-Community */ = {
			isa = XCSwiftPackageProductDependency;
			package = 5E5CC9012AFAF8F800A2F39A /* XCRemoteSwiftPackageReference "firebase-ios-sdk" */;
			productName = "FirebaseAuthCombine-Community";
		};
		5E5CC9122AFAF8F800A2F39A /* FirebaseCrashlytics */ = {
			isa = XCSwiftPackageProductDependency;
			package = 5E5CC9012AFAF8F800A2F39A /* XCRemoteSwiftPackageReference "firebase-ios-sdk" */;
			productName = FirebaseCrashlytics;
		};
		5E5CC9142AFAF8F800A2F39A /* FirebaseDatabase */ = {
			isa = XCSwiftPackageProductDependency;
			package = 5E5CC9012AFAF8F800A2F39A /* XCRemoteSwiftPackageReference "firebase-ios-sdk" */;
			productName = FirebaseDatabase;
		};
		5E5CC9162AFAF8F800A2F39A /* FirebaseDatabaseSwift */ = {
			isa = XCSwiftPackageProductDependency;
			package = 5E5CC9012AFAF8F800A2F39A /* XCRemoteSwiftPackageReference "firebase-ios-sdk" */;
			productName = FirebaseDatabaseSwift;
		};
		5E5CC9182AFAF8F800A2F39A /* FirebaseDynamicLinks */ = {
			isa = XCSwiftPackageProductDependency;
			package = 5E5CC9012AFAF8F800A2F39A /* XCRemoteSwiftPackageReference "firebase-ios-sdk" */;
			productName = FirebaseDynamicLinks;
		};
		5E5CC91A2AFAF8F800A2F39A /* FirebaseFirestore */ = {
			isa = XCSwiftPackageProductDependency;
			package = 5E5CC9012AFAF8F800A2F39A /* XCRemoteSwiftPackageReference "firebase-ios-sdk" */;
			productName = FirebaseFirestore;
		};
		5E5CC91C2AFAF8F800A2F39A /* FirebaseFirestoreCombine-Community */ = {
			isa = XCSwiftPackageProductDependency;
			package = 5E5CC9012AFAF8F800A2F39A /* XCRemoteSwiftPackageReference "firebase-ios-sdk" */;
			productName = "FirebaseFirestoreCombine-Community";
		};
		5E5CC91E2AFAF8F800A2F39A /* FirebaseFirestoreSwift */ = {
			isa = XCSwiftPackageProductDependency;
			package = 5E5CC9012AFAF8F800A2F39A /* XCRemoteSwiftPackageReference "firebase-ios-sdk" */;
			productName = FirebaseFirestoreSwift;
		};
		5E5CC9202AFAF8F800A2F39A /* FirebaseFunctions */ = {
			isa = XCSwiftPackageProductDependency;
			package = 5E5CC9012AFAF8F800A2F39A /* XCRemoteSwiftPackageReference "firebase-ios-sdk" */;
			productName = FirebaseFunctions;
		};
		5E5CC9222AFAF8F800A2F39A /* FirebaseFunctionsCombine-Community */ = {
			isa = XCSwiftPackageProductDependency;
			package = 5E5CC9012AFAF8F800A2F39A /* XCRemoteSwiftPackageReference "firebase-ios-sdk" */;
			productName = "FirebaseFunctionsCombine-Community";
		};
		5E5CC9242AFAF8F800A2F39A /* FirebaseInAppMessaging-Beta */ = {
			isa = XCSwiftPackageProductDependency;
			package = 5E5CC9012AFAF8F800A2F39A /* XCRemoteSwiftPackageReference "firebase-ios-sdk" */;
			productName = "FirebaseInAppMessaging-Beta";
		};
		5E5CC9262AFAF8F800A2F39A /* FirebaseInAppMessagingSwift-Beta */ = {
			isa = XCSwiftPackageProductDependency;
			package = 5E5CC9012AFAF8F800A2F39A /* XCRemoteSwiftPackageReference "firebase-ios-sdk" */;
			productName = "FirebaseInAppMessagingSwift-Beta";
		};
		5E5CC9282AFAF8F800A2F39A /* FirebaseInstallations */ = {
			isa = XCSwiftPackageProductDependency;
			package = 5E5CC9012AFAF8F800A2F39A /* XCRemoteSwiftPackageReference "firebase-ios-sdk" */;
			productName = FirebaseInstallations;
		};
		5E5CC92A2AFAF8F800A2F39A /* FirebaseMLModelDownloader */ = {
			isa = XCSwiftPackageProductDependency;
			package = 5E5CC9012AFAF8F800A2F39A /* XCRemoteSwiftPackageReference "firebase-ios-sdk" */;
			productName = FirebaseMLModelDownloader;
		};
		5E5CC92C2AFAF8F800A2F39A /* FirebaseMessaging */ = {
			isa = XCSwiftPackageProductDependency;
			package = 5E5CC9012AFAF8F800A2F39A /* XCRemoteSwiftPackageReference "firebase-ios-sdk" */;
			productName = FirebaseMessaging;
		};
		5E5CC92E2AFAF8F800A2F39A /* FirebasePerformance */ = {
			isa = XCSwiftPackageProductDependency;
			package = 5E5CC9012AFAF8F800A2F39A /* XCRemoteSwiftPackageReference "firebase-ios-sdk" */;
			productName = FirebasePerformance;
		};
		5E5CC9302AFAF8F800A2F39A /* FirebaseRemoteConfig */ = {
			isa = XCSwiftPackageProductDependency;
			package = 5E5CC9012AFAF8F800A2F39A /* XCRemoteSwiftPackageReference "firebase-ios-sdk" */;
			productName = FirebaseRemoteConfig;
		};
		5E5CC9322AFAF8F800A2F39A /* FirebaseRemoteConfigSwift */ = {
			isa = XCSwiftPackageProductDependency;
			package = 5E5CC9012AFAF8F800A2F39A /* XCRemoteSwiftPackageReference "firebase-ios-sdk" */;
			productName = FirebaseRemoteConfigSwift;
		};
		5E5CC9342AFAF8F800A2F39A /* FirebaseStorage */ = {
			isa = XCSwiftPackageProductDependency;
			package = 5E5CC9012AFAF8F800A2F39A /* XCRemoteSwiftPackageReference "firebase-ios-sdk" */;
			productName = FirebaseStorage;
		};
		5E5CC9362AFAF8F800A2F39A /* FirebaseStorageCombine-Community */ = {
			isa = XCSwiftPackageProductDependency;
			package = 5E5CC9012AFAF8F800A2F39A /* XCRemoteSwiftPackageReference "firebase-ios-sdk" */;
			productName = "FirebaseStorageCombine-Community";
		};
		5E9338A82B4B65070087107A /* Kingfisher */ = {
			isa = XCSwiftPackageProductDependency;
			package = 5E9338A72B4B65070087107A /* XCRemoteSwiftPackageReference "Kingfisher" */;
			productName = Kingfisher;
		};
/* End XCSwiftPackageProductDependency section */
	};
	rootObject = 5EA4564E2A9DD02C004C0A07 /* Project object */;
}
