// !$*UTF8*$!
{
	archiveVersion = 1;
	classes = {
	};
	objectVersion = 56;
	objects = {

/* Begin PBXBuildFile section */
		5EA4565A2A9DD02C004C0A07 /* BeRealCloneApp.swift in Sources */ = {isa = PBXBuildFile; fileRef = 5EA456592A9DD02C004C0A07 /* BeRealCloneApp.swift */; };
		5EA4565C2A9DD02C004C0A07 /* ContentView.swift in Sources */ = {isa = PBXBuildFile; fileRef = 5EA4565B2A9DD02C004C0A07 /* ContentView.swift */; };
		5EA4565E2A9DD02D004C0A07 /* Assets.xcassets in Resources */ = {isa = PBXBuildFile; fileRef = 5EA4565D2A9DD02D004C0A07 /* Assets.xcassets */; };
		5EA456612A9DD02D004C0A07 /* Preview Assets.xcassets in Resources */ = {isa = PBXBuildFile; fileRef = 5EA456602A9DD02D004C0A07 /* Preview Assets.xcassets */; };
		5EA456682A9DD12B004C0A07 /* FeedView.swift in Sources */ = {isa = PBXBuildFile; fileRef = 5EA456672A9DD12B004C0A07 /* FeedView.swift */; };
		5EA4566A2A9DD79D004C0A07 /* FeedCell.swift in Sources */ = {isa = PBXBuildFile; fileRef = 5EA456692A9DD79D004C0A07 /* FeedCell.swift */; };
		5EA4566D2A9E99C3004C0A07 /* ThreeDots.swift in Sources */ = {isa = PBXBuildFile; fileRef = 5EA4566C2A9E99C3004C0A07 /* ThreeDots.swift */; };
		5EA4566F2AA13CC5004C0A07 /* ProfileView.swift in Sources */ = {isa = PBXBuildFile; fileRef = 5EA4566E2AA13CC5004C0A07 /* ProfileView.swift */; };
		5EA456712AA141E1004C0A07 /* MemoryView.swift in Sources */ = {isa = PBXBuildFile; fileRef = 5EA456702AA141E1004C0A07 /* MemoryView.swift */; };
		5EA456732AA53077004C0A07 /* SettingsView.swift in Sources */ = {isa = PBXBuildFile; fileRef = 5EA456722AA53077004C0A07 /* SettingsView.swift */; };
		5EA456782AA70C03004C0A07 /* EditProfileView.swift in Sources */ = {isa = PBXBuildFile; fileRef = 5EA456772AA70C03004C0A07 /* EditProfileView.swift */; };
		5EA4567B2AA71297004C0A07 /* Extensions.swift in Sources */ = {isa = PBXBuildFile; fileRef = 5EA4567A2AA71297004C0A07 /* Extensions.swift */; };
		5EA4567D2AA924C6004C0A07 /* TimeZoneView.swift in Sources */ = {isa = PBXBuildFile; fileRef = 5EA4567C2AA924C6004C0A07 /* TimeZoneView.swift */; };
		5EC7A5C62AADBDFC006F133E /* LeftMenuView.swift in Sources */ = {isa = PBXBuildFile; fileRef = 5EC7A5C52AADBDFC006F133E /* LeftMenuView.swift */; };
		5EC7A5C82AADBE2A006F133E /* LeftMenuTopView.swift in Sources */ = {isa = PBXBuildFile; fileRef = 5EC7A5C72AADBE2A006F133E /* LeftMenuTopView.swift */; };
		5EC7A5CA2AADBEA6006F133E /* SearchBar.swift in Sources */ = {isa = PBXBuildFile; fileRef = 5EC7A5C92AADBEA6006F133E /* SearchBar.swift */; };
		5EC7A5CC2AADC5AB006F133E /* Suggestions.swift in Sources */ = {isa = PBXBuildFile; fileRef = 5EC7A5CB2AADC5AB006F133E /* Suggestions.swift */; };
		5EC7A5CE2AADC74C006F133E /* SuggestionCellView.swift in Sources */ = {isa = PBXBuildFile; fileRef = 5EC7A5CD2AADC74C006F133E /* SuggestionCellView.swift */; };
		5EC7A5D02AADCADC006F133E /* Friends.swift in Sources */ = {isa = PBXBuildFile; fileRef = 5EC7A5CF2AADCADC006F133E /* Friends.swift */; };
		5EC7A5D22AADCBF8006F133E /* FriendsCellView.swift in Sources */ = {isa = PBXBuildFile; fileRef = 5EC7A5D12AADCBF8006F133E /* FriendsCellView.swift */; };
		5EC7A5D42AADCDE8006F133E /* Requests.swift in Sources */ = {isa = PBXBuildFile; fileRef = 5EC7A5D32AADCDE8006F133E /* Requests.swift */; };
/* End PBXBuildFile section */

/* Begin PBXFileReference section */
		5EA456562A9DD02C004C0A07 /* BeRealClone.app */ = {isa = PBXFileReference; explicitFileType = wrapper.application; includeInIndex = 0; path = BeRealClone.app; sourceTree = BUILT_PRODUCTS_DIR; };
		5EA456592A9DD02C004C0A07 /* BeRealCloneApp.swift */ = {isa = PBXFileReference; lastKnownFileType = sourcecode.swift; path = BeRealCloneApp.swift; sourceTree = "<group>"; };
		5EA4565B2A9DD02C004C0A07 /* ContentView.swift */ = {isa = PBXFileReference; lastKnownFileType = sourcecode.swift; path = ContentView.swift; sourceTree = "<group>"; };
		5EA4565D2A9DD02D004C0A07 /* Assets.xcassets */ = {isa = PBXFileReference; lastKnownFileType = folder.assetcatalog; path = Assets.xcassets; sourceTree = "<group>"; };
		5EA456602A9DD02D004C0A07 /* Preview Assets.xcassets */ = {isa = PBXFileReference; lastKnownFileType = folder.assetcatalog; path = "Preview Assets.xcassets"; sourceTree = "<group>"; };
		5EA456672A9DD12B004C0A07 /* FeedView.swift */ = {isa = PBXFileReference; lastKnownFileType = sourcecode.swift; path = FeedView.swift; sourceTree = "<group>"; };
		5EA456692A9DD79D004C0A07 /* FeedCell.swift */ = {isa = PBXFileReference; lastKnownFileType = sourcecode.swift; path = FeedCell.swift; sourceTree = "<group>"; };
		5EA4566C2A9E99C3004C0A07 /* ThreeDots.swift */ = {isa = PBXFileReference; lastKnownFileType = sourcecode.swift; path = ThreeDots.swift; sourceTree = "<group>"; };
		5EA4566E2AA13CC5004C0A07 /* ProfileView.swift */ = {isa = PBXFileReference; lastKnownFileType = sourcecode.swift; path = ProfileView.swift; sourceTree = "<group>"; };
		5EA456702AA141E1004C0A07 /* MemoryView.swift */ = {isa = PBXFileReference; lastKnownFileType = sourcecode.swift; path = MemoryView.swift; sourceTree = "<group>"; };
		5EA456722AA53077004C0A07 /* SettingsView.swift */ = {isa = PBXFileReference; lastKnownFileType = sourcecode.swift; path = SettingsView.swift; sourceTree = "<group>"; };
		5EA456772AA70C03004C0A07 /* EditProfileView.swift */ = {isa = PBXFileReference; lastKnownFileType = sourcecode.swift; path = EditProfileView.swift; sourceTree = "<group>"; };
		5EA4567A2AA71297004C0A07 /* Extensions.swift */ = {isa = PBXFileReference; lastKnownFileType = sourcecode.swift; path = Extensions.swift; sourceTree = "<group>"; };
		5EA4567C2AA924C6004C0A07 /* TimeZoneView.swift */ = {isa = PBXFileReference; lastKnownFileType = sourcecode.swift; path = TimeZoneView.swift; sourceTree = "<group>"; };
		5EC7A5C52AADBDFC006F133E /* LeftMenuView.swift */ = {isa = PBXFileReference; lastKnownFileType = sourcecode.swift; path = LeftMenuView.swift; sourceTree = "<group>"; };
		5EC7A5C72AADBE2A006F133E /* LeftMenuTopView.swift */ = {isa = PBXFileReference; lastKnownFileType = sourcecode.swift; path = LeftMenuTopView.swift; sourceTree = "<group>"; };
		5EC7A5C92AADBEA6006F133E /* SearchBar.swift */ = {isa = PBXFileReference; lastKnownFileType = sourcecode.swift; path = SearchBar.swift; sourceTree = "<group>"; };
		5EC7A5CB2AADC5AB006F133E /* Suggestions.swift */ = {isa = PBXFileReference; lastKnownFileType = sourcecode.swift; path = Suggestions.swift; sourceTree = "<group>"; };
		5EC7A5CD2AADC74C006F133E /* SuggestionCellView.swift */ = {isa = PBXFileReference; lastKnownFileType = sourcecode.swift; path = SuggestionCellView.swift; sourceTree = "<group>"; };
		5EC7A5CF2AADCADC006F133E /* Friends.swift */ = {isa = PBXFileReference; lastKnownFileType = sourcecode.swift; path = Friends.swift; sourceTree = "<group>"; };
		5EC7A5D12AADCBF8006F133E /* FriendsCellView.swift */ = {isa = PBXFileReference; lastKnownFileType = sourcecode.swift; path = FriendsCellView.swift; sourceTree = "<group>"; };
		5EC7A5D32AADCDE8006F133E /* Requests.swift */ = {isa = PBXFileReference; lastKnownFileType = sourcecode.swift; path = Requests.swift; sourceTree = "<group>"; };
/* End PBXFileReference section */

/* Begin PBXFrameworksBuildPhase section */
		5EA456532A9DD02C004C0A07 /* Frameworks */ = {
			isa = PBXFrameworksBuildPhase;
			buildActionMask = 2147483647;
			files = (
			);
			runOnlyForDeploymentPostprocessing = 0;
		};
/* End PBXFrameworksBuildPhase section */

/* Begin PBXGroup section */
		5EA4564D2A9DD02C004C0A07 = {
			isa = PBXGroup;
			children = (
				5EA456582A9DD02C004C0A07 /* BeRealClone */,
				5EA456572A9DD02C004C0A07 /* Products */,
			);
			sourceTree = "<group>";
		};
		5EA456572A9DD02C004C0A07 /* Products */ = {
			isa = PBXGroup;
			children = (
				5EA456562A9DD02C004C0A07 /* BeRealClone.app */,
			);
			name = Products;
			sourceTree = "<group>";
		};
		5EA456582A9DD02C004C0A07 /* BeRealClone */ = {
			isa = PBXGroup;
			children = (
				5EA456792AA7127F004C0A07 /* Extensions */,
				5EA456742AA5307E004C0A07 /* View */,
				5EA4566B2A9E99A9004C0A07 /* Components */,
				5EA456592A9DD02C004C0A07 /* BeRealCloneApp.swift */,
				5EA4565B2A9DD02C004C0A07 /* ContentView.swift */,
				5EA4565D2A9DD02D004C0A07 /* Assets.xcassets */,
				5EA4565F2A9DD02D004C0A07 /* Preview Content */,
			);
			path = BeRealClone;
			sourceTree = "<group>";
		};
		5EA4565F2A9DD02D004C0A07 /* Preview Content */ = {
			isa = PBXGroup;
			children = (
				5EA456602A9DD02D004C0A07 /* Preview Assets.xcassets */,
			);
			path = "Preview Content";
			sourceTree = "<group>";
		};
		5EA4566B2A9E99A9004C0A07 /* Components */ = {
			isa = PBXGroup;
			children = (
				5EC7A5CF2AADCADC006F133E /* Friends.swift */,
				5EC7A5C72AADBE2A006F133E /* LeftMenuTopView.swift */,
				5EA456702AA141E1004C0A07 /* MemoryView.swift */,
				5EA4566C2A9E99C3004C0A07 /* ThreeDots.swift */,
				5EA456692A9DD79D004C0A07 /* FeedCell.swift */,
				5EC7A5C92AADBEA6006F133E /* SearchBar.swift */,
				5EC7A5CB2AADC5AB006F133E /* Suggestions.swift */,
				5EC7A5CD2AADC74C006F133E /* SuggestionCellView.swift */,
				5EC7A5D12AADCBF8006F133E /* FriendsCellView.swift */,
				5EC7A5D32AADCDE8006F133E /* Requests.swift */,
			);
			path = Components;
			sourceTree = "<group>";
		};
		5EA456742AA5307E004C0A07 /* View */ = {
			isa = PBXGroup;
			children = (
				5EC7A5C52AADBDFC006F133E /* LeftMenuView.swift */,
				5EA456722AA53077004C0A07 /* SettingsView.swift */,
				5EA456672A9DD12B004C0A07 /* FeedView.swift */,
				5EA4566E2AA13CC5004C0A07 /* ProfileView.swift */,
				5EA456772AA70C03004C0A07 /* EditProfileView.swift */,
				5EA4567C2AA924C6004C0A07 /* TimeZoneView.swift */,
			);
			path = View;
			sourceTree = "<group>";
		};
		5EA456792AA7127F004C0A07 /* Extensions */ = {
			isa = PBXGroup;
			children = (
				5EA4567A2AA71297004C0A07 /* Extensions.swift */,
			);
			path = Extensions;
			sourceTree = "<group>";
		};
/* End PBXGroup section */

/* Begin PBXNativeTarget section */
		5EA456552A9DD02C004C0A07 /* BeRealClone */ = {
			isa = PBXNativeTarget;
			buildConfigurationList = 5EA456642A9DD02D004C0A07 /* Build configuration list for PBXNativeTarget "BeRealClone" */;
			buildPhases = (
				5EA456522A9DD02C004C0A07 /* Sources */,
				5EA456532A9DD02C004C0A07 /* Frameworks */,
				5EA456542A9DD02C004C0A07 /* Resources */,
			);
			buildRules = (
			);
			dependencies = (
			);
			name = BeRealClone;
			productName = BeRealClone;
			productReference = 5EA456562A9DD02C004C0A07 /* BeRealClone.app */;
			productType = "com.apple.product-type.application";
		};
/* End PBXNativeTarget section */

/* Begin PBXProject section */
		5EA4564E2A9DD02C004C0A07 /* Project object */ = {
			isa = PBXProject;
			attributes = {
				BuildIndependentTargetsInParallel = 1;
				LastSwiftUpdateCheck = 1430;
				LastUpgradeCheck = 1430;
				TargetAttributes = {
					5EA456552A9DD02C004C0A07 = {
						CreatedOnToolsVersion = 14.3.1;
					};
				};
			};
			buildConfigurationList = 5EA456512A9DD02C004C0A07 /* Build configuration list for PBXProject "BeRealClone" */;
			compatibilityVersion = "Xcode 14.0";
			developmentRegion = en;
			hasScannedForEncodings = 0;
			knownRegions = (
				en,
				Base,
			);
			mainGroup = 5EA4564D2A9DD02C004C0A07;
			productRefGroup = 5EA456572A9DD02C004C0A07 /* Products */;
			projectDirPath = "";
			projectRoot = "";
			targets = (
				5EA456552A9DD02C004C0A07 /* BeRealClone */,
			);
		};
/* End PBXProject section */

/* Begin PBXResourcesBuildPhase section */
		5EA456542A9DD02C004C0A07 /* Resources */ = {
			isa = PBXResourcesBuildPhase;
			buildActionMask = 2147483647;
			files = (
				5EA456612A9DD02D004C0A07 /* Preview Assets.xcassets in Resources */,
				5EA4565E2A9DD02D004C0A07 /* Assets.xcassets in Resources */,
			);
			runOnlyForDeploymentPostprocessing = 0;
		};
/* End PBXResourcesBuildPhase section */

/* Begin PBXSourcesBuildPhase section */
		5EA456522A9DD02C004C0A07 /* Sources */ = {
			isa = PBXSourcesBuildPhase;
			buildActionMask = 2147483647;
			files = (
				5EC7A5C62AADBDFC006F133E /* LeftMenuView.swift in Sources */,
				5EA456712AA141E1004C0A07 /* MemoryView.swift in Sources */,
				5EA4565C2A9DD02C004C0A07 /* ContentView.swift in Sources */,
				5EA456732AA53077004C0A07 /* SettingsView.swift in Sources */,
				5EA4567D2AA924C6004C0A07 /* TimeZoneView.swift in Sources */,
				5EC7A5C82AADBE2A006F133E /* LeftMenuTopView.swift in Sources */,
				5EC7A5CE2AADC74C006F133E /* SuggestionCellView.swift in Sources */,
				5EC7A5CC2AADC5AB006F133E /* Suggestions.swift in Sources */,
				5EA4566F2AA13CC5004C0A07 /* ProfileView.swift in Sources */,
				5EC7A5D02AADCADC006F133E /* Friends.swift in Sources */,
				5EC7A5CA2AADBEA6006F133E /* SearchBar.swift in Sources */,
				5EA4566D2A9E99C3004C0A07 /* ThreeDots.swift in Sources */,
				5EC7A5D42AADCDE8006F133E /* Requests.swift in Sources */,
				5EA4567B2AA71297004C0A07 /* Extensions.swift in Sources */,
				5EA4566A2A9DD79D004C0A07 /* FeedCell.swift in Sources */,
				5EA456682A9DD12B004C0A07 /* FeedView.swift in Sources */,
				5EA4565A2A9DD02C004C0A07 /* BeRealCloneApp.swift in Sources */,
				5EC7A5D22AADCBF8006F133E /* FriendsCellView.swift in Sources */,
				5EA456782AA70C03004C0A07 /* EditProfileView.swift in Sources */,
			);
			runOnlyForDeploymentPostprocessing = 0;
		};
/* End PBXSourcesBuildPhase section */

/* Begin XCBuildConfiguration section */
		5EA456622A9DD02D004C0A07 /* Debug */ = {
			isa = XCBuildConfiguration;
			buildSettings = {
				ALWAYS_SEARCH_USER_PATHS = NO;
				CLANG_ANALYZER_NONNULL = YES;
				CLANG_ANALYZER_NUMBER_OBJECT_CONVERSION = YES_AGGRESSIVE;
				CLANG_CXX_LANGUAGE_STANDARD = "gnu++20";
				CLANG_ENABLE_MODULES = YES;
				CLANG_ENABLE_OBJC_ARC = YES;
				CLANG_ENABLE_OBJC_WEAK = YES;
				CLANG_WARN_BLOCK_CAPTURE_AUTORELEASING = YES;
				CLANG_WARN_BOOL_CONVERSION = YES;
				CLANG_WARN_COMMA = YES;
				CLANG_WARN_CONSTANT_CONVERSION = YES;
				CLANG_WARN_DEPRECATED_OBJC_IMPLEMENTATIONS = YES;
				CLANG_WARN_DIRECT_OBJC_ISA_USAGE = YES_ERROR;
				CLANG_WARN_DOCUMENTATION_COMMENTS = YES;
				CLANG_WARN_EMPTY_BODY = YES;
				CLANG_WARN_ENUM_CONVERSION = YES;
				CLANG_WARN_INFINITE_RECURSION = YES;
				CLANG_WARN_INT_CONVERSION = YES;
				CLANG_WARN_NON_LITERAL_NULL_CONVERSION = YES;
				CLANG_WARN_OBJC_IMPLICIT_RETAIN_SELF = YES;
				CLANG_WARN_OBJC_LITERAL_CONVERSION = YES;
				CLANG_WARN_OBJC_ROOT_CLASS = YES_ERROR;
				CLANG_WARN_QUOTED_INCLUDE_IN_FRAMEWORK_HEADER = YES;
				CLANG_WARN_RANGE_LOOP_ANALYSIS = YES;
				CLANG_WARN_STRICT_PROTOTYPES = YES;
				CLANG_WARN_SUSPICIOUS_MOVE = YES;
				CLANG_WARN_UNGUARDED_AVAILABILITY = YES_AGGRESSIVE;
				CLANG_WARN_UNREACHABLE_CODE = YES;
				CLANG_WARN__DUPLICATE_METHOD_MATCH = YES;
				COPY_PHASE_STRIP = NO;
				DEBUG_INFORMATION_FORMAT = dwarf;
				ENABLE_STRICT_OBJC_MSGSEND = YES;
				ENABLE_TESTABILITY = YES;
				GCC_C_LANGUAGE_STANDARD = gnu11;
				GCC_DYNAMIC_NO_PIC = NO;
				GCC_NO_COMMON_BLOCKS = YES;
				GCC_OPTIMIZATION_LEVEL = 0;
				GCC_PREPROCESSOR_DEFINITIONS = (
					"DEBUG=1",
					"$(inherited)",
				);
				GCC_WARN_64_TO_32_BIT_CONVERSION = YES;
				GCC_WARN_ABOUT_RETURN_TYPE = YES_ERROR;
				GCC_WARN_UNDECLARED_SELECTOR = YES;
				GCC_WARN_UNINITIALIZED_AUTOS = YES_AGGRESSIVE;
				GCC_WARN_UNUSED_FUNCTION = YES;
				GCC_WARN_UNUSED_VARIABLE = YES;
				IPHONEOS_DEPLOYMENT_TARGET = 16.4;
				MTL_ENABLE_DEBUG_INFO = INCLUDE_SOURCE;
				MTL_FAST_MATH = YES;
				ONLY_ACTIVE_ARCH = YES;
				SDKROOT = iphoneos;
				SWIFT_ACTIVE_COMPILATION_CONDITIONS = DEBUG;
				SWIFT_OPTIMIZATION_LEVEL = "-Onone";
			};
			name = Debug;
		};
		5EA456632A9DD02D004C0A07 /* Release */ = {
			isa = XCBuildConfiguration;
			buildSettings = {
				ALWAYS_SEARCH_USER_PATHS = NO;
				CLANG_ANALYZER_NONNULL = YES;
				CLANG_ANALYZER_NUMBER_OBJECT_CONVERSION = YES_AGGRESSIVE;
				CLANG_CXX_LANGUAGE_STANDARD = "gnu++20";
				CLANG_ENABLE_MODULES = YES;
				CLANG_ENABLE_OBJC_ARC = YES;
				CLANG_ENABLE_OBJC_WEAK = YES;
				CLANG_WARN_BLOCK_CAPTURE_AUTORELEASING = YES;
				CLANG_WARN_BOOL_CONVERSION = YES;
				CLANG_WARN_COMMA = YES;
				CLANG_WARN_CONSTANT_CONVERSION = YES;
				CLANG_WARN_DEPRECATED_OBJC_IMPLEMENTATIONS = YES;
				CLANG_WARN_DIRECT_OBJC_ISA_USAGE = YES_ERROR;
				CLANG_WARN_DOCUMENTATION_COMMENTS = YES;
				CLANG_WARN_EMPTY_BODY = YES;
				CLANG_WARN_ENUM_CONVERSION = YES;
				CLANG_WARN_INFINITE_RECURSION = YES;
				CLANG_WARN_INT_CONVERSION = YES;
				CLANG_WARN_NON_LITERAL_NULL_CONVERSION = YES;
				CLANG_WARN_OBJC_IMPLICIT_RETAIN_SELF = YES;
				CLANG_WARN_OBJC_LITERAL_CONVERSION = YES;
				CLANG_WARN_OBJC_ROOT_CLASS = YES_ERROR;
				CLANG_WARN_QUOTED_INCLUDE_IN_FRAMEWORK_HEADER = YES;
				CLANG_WARN_RANGE_LOOP_ANALYSIS = YES;
				CLANG_WARN_STRICT_PROTOTYPES = YES;
				CLANG_WARN_SUSPICIOUS_MOVE = YES;
				CLANG_WARN_UNGUARDED_AVAILABILITY = YES_AGGRESSIVE;
				CLANG_WARN_UNREACHABLE_CODE = YES;
				CLANG_WARN__DUPLICATE_METHOD_MATCH = YES;
				COPY_PHASE_STRIP = NO;
				DEBUG_INFORMATION_FORMAT = "dwarf-with-dsym";
				ENABLE_NS_ASSERTIONS = NO;
				ENABLE_STRICT_OBJC_MSGSEND = YES;
				GCC_C_LANGUAGE_STANDARD = gnu11;
				GCC_NO_COMMON_BLOCKS = YES;
				GCC_WARN_64_TO_32_BIT_CONVERSION = YES;
				GCC_WARN_ABOUT_RETURN_TYPE = YES_ERROR;
				GCC_WARN_UNDECLARED_SELECTOR = YES;
				GCC_WARN_UNINITIALIZED_AUTOS = YES_AGGRESSIVE;
				GCC_WARN_UNUSED_FUNCTION = YES;
				GCC_WARN_UNUSED_VARIABLE = YES;
				IPHONEOS_DEPLOYMENT_TARGET = 16.4;
				MTL_ENABLE_DEBUG_INFO = NO;
				MTL_FAST_MATH = YES;
				SDKROOT = iphoneos;
				SWIFT_COMPILATION_MODE = wholemodule;
				SWIFT_OPTIMIZATION_LEVEL = "-O";
				VALIDATE_PRODUCT = YES;
			};
			name = Release;
		};
		5EA456652A9DD02D004C0A07 /* Debug */ = {
			isa = XCBuildConfiguration;
			buildSettings = {
				ASSETCATALOG_COMPILER_APPICON_NAME = AppIcon;
				ASSETCATALOG_COMPILER_GLOBAL_ACCENT_COLOR_NAME = AccentColor;
				CODE_SIGN_STYLE = Automatic;
				CURRENT_PROJECT_VERSION = 1;
				DEVELOPMENT_ASSET_PATHS = "\"BeRealClone/Preview Content\"";
				DEVELOPMENT_TEAM = 5H4L2XMW7V;
				ENABLE_PREVIEWS = YES;
				GENERATE_INFOPLIST_FILE = YES;
				INFOPLIST_KEY_UIApplicationSceneManifest_Generation = YES;
				INFOPLIST_KEY_UIApplicationSupportsIndirectInputEvents = YES;
				INFOPLIST_KEY_UILaunchScreen_Generation = YES;
				INFOPLIST_KEY_UISupportedInterfaceOrientations_iPad = "UIInterfaceOrientationPortrait UIInterfaceOrientationPortraitUpsideDown UIInterfaceOrientationLandscapeLeft UIInterfaceOrientationLandscapeRight";
				INFOPLIST_KEY_UISupportedInterfaceOrientations_iPhone = "UIInterfaceOrientationPortrait UIInterfaceOrientationLandscapeLeft UIInterfaceOrientationLandscapeRight";
				LD_RUNPATH_SEARCH_PATHS = (
					"$(inherited)",
					"@executable_path/Frameworks",
				);
				MARKETING_VERSION = 1.0;
				PRODUCT_BUNDLE_IDENTIFIER = com.kuba.BeRealClone;
				PRODUCT_NAME = "$(TARGET_NAME)";
				SWIFT_EMIT_LOC_STRINGS = YES;
				SWIFT_VERSION = 5.0;
				TARGETED_DEVICE_FAMILY = "1,2";
			};
			name = Debug;
		};
		5EA456662A9DD02D004C0A07 /* Release */ = {
			isa = XCBuildConfiguration;
			buildSettings = {
				ASSETCATALOG_COMPILER_APPICON_NAME = AppIcon;
				ASSETCATALOG_COMPILER_GLOBAL_ACCENT_COLOR_NAME = AccentColor;
				CODE_SIGN_STYLE = Automatic;
				CURRENT_PROJECT_VERSION = 1;
				DEVELOPMENT_ASSET_PATHS = "\"BeRealClone/Preview Content\"";
				DEVELOPMENT_TEAM = 5H4L2XMW7V;
				ENABLE_PREVIEWS = YES;
				GENERATE_INFOPLIST_FILE = YES;
				INFOPLIST_KEY_UIApplicationSceneManifest_Generation = YES;
				INFOPLIST_KEY_UIApplicationSupportsIndirectInputEvents = YES;
				INFOPLIST_KEY_UILaunchScreen_Generation = YES;
				INFOPLIST_KEY_UISupportedInterfaceOrientations_iPad = "UIInterfaceOrientationPortrait UIInterfaceOrientationPortraitUpsideDown UIInterfaceOrientationLandscapeLeft UIInterfaceOrientationLandscapeRight";
				INFOPLIST_KEY_UISupportedInterfaceOrientations_iPhone = "UIInterfaceOrientationPortrait UIInterfaceOrientationLandscapeLeft UIInterfaceOrientationLandscapeRight";
				LD_RUNPATH_SEARCH_PATHS = (
					"$(inherited)",
					"@executable_path/Frameworks",
				);
				MARKETING_VERSION = 1.0;
				PRODUCT_BUNDLE_IDENTIFIER = com.kuba.BeRealClone;
				PRODUCT_NAME = "$(TARGET_NAME)";
				SWIFT_EMIT_LOC_STRINGS = YES;
				SWIFT_VERSION = 5.0;
				TARGETED_DEVICE_FAMILY = "1,2";
			};
			name = Release;
		};
/* End XCBuildConfiguration section */

/* Begin XCConfigurationList section */
		5EA456512A9DD02C004C0A07 /* Build configuration list for PBXProject "BeRealClone" */ = {
			isa = XCConfigurationList;
			buildConfigurations = (
				5EA456622A9DD02D004C0A07 /* Debug */,
				5EA456632A9DD02D004C0A07 /* Release */,
			);
			defaultConfigurationIsVisible = 0;
			defaultConfigurationName = Release;
		};
		5EA456642A9DD02D004C0A07 /* Build configuration list for PBXNativeTarget "BeRealClone" */ = {
			isa = XCConfigurationList;
			buildConfigurations = (
				5EA456652A9DD02D004C0A07 /* Debug */,
				5EA456662A9DD02D004C0A07 /* Release */,
			);
			defaultConfigurationIsVisible = 0;
			defaultConfigurationName = Release;
		};
/* End XCConfigurationList section */
	};
	rootObject = 5EA4564E2A9DD02C004C0A07 /* Project object */;
}
